
Microsoft Visual Studio Solution File, Format Version 12.00
# Visual Studio 15
VisualStudioVersion = 15.0.28307.572
MinimumVisualStudioVersion = 10.0.40219.1
Project("{FAE04EC0-301F-11D3-BF4B-00C04F79EFBC}") = "kopator", "kopator\kopator.csproj", "{78AA8F1A-8F5F-484F-B59B-7DD224587CF1}"
EndProject
Global
	GlobalSection(SolutionConfigurationPlatforms) = preSolution
		Debug|Any CPU = Debug|Any CPU
		Release|Any CPU = Release|Any CPU
	EndGlobalSection
	GlobalSection(ProjectConfigurationPlatforms) = postSolution
		{78AA8F1A-8F5F-484F-B59B-7DD224587CF1}.Debug|Any CPU.ActiveCfg = Debug|Any CPU
		{78AA8F1A-8F5F-484F-B59B-7DD224587CF1}.Debug|Any CPU.Build.0 = Debug|Any CPU
		{78AA8F1A-8F5F-484F-B59B-7DD224587CF1}.Release|Any CPU.ActiveCfg = Release|Any CPU
		{78AA8F1A-8F5F-484F-B59B-7DD224587CF1}.Release|Any CPU.Build.0 = Release|Any CPU
	EndGlobalSection
	GlobalSection(SolutionProperties) = preSolution
		HideSolutionNode = FALSE
	EndGlobalSection
	GlobalSection(ExtensibilityGlobals) = postSolution
		SolutionGuid = {802BE8E1-6CE7-45D2-8E86-58F0222BFE0C}
	EndGlobalSection
EndGlobal
